version = 1
revision = 3
requires-python = ">=3.10"

[[package]]
name = "modcdp"
version = "0.0.5"
source = { editable = "." }
dependencies = [
    { name = "websocket-client" },
]

[package.dev-dependencies]
dev = [
    { name = "pyright" },
    { name = "ty" },
]

[package.metadata]
requires-dist = [{ name = "websocket-client", specifier = ">=1.8.0" }]

[package.metadata.requires-dev]
dev = [
    { name = "pyright", specifier = ">=1.1.409" },
    { name = "ty", specifier = ">=0.0.34" },
]

[[package]]
name = "nodeenv"
version = "1.10.0"
source = { registry = "https://pypi.org/simple" }
sdist = { url = "https://files.pythonhosted.org/packages/24/bf/d1bda4f6168e0b2e9e5958945e01910052158313224ada5ce1fb2e1113b8/nodeenv-1.10.0.tar.gz", hash = "sha256:996c191ad80897d076bdfba80a41994c2b47c68e224c542b48feba42ba00f8bb", size = 55611, upload-time = "2025-12-20T14:08:54.006Z" }
wheels = [
    { url = "https://files.pythonhosted.org/packages/88/b2/d0896bdcdc8d28a7fc5717c305f1a861c26e18c05047949fb371034d98bd/nodeenv-1.10.0-py2.py3-none-any.whl", hash = "sha256:5bb13e3eed2923615535339b3c620e76779af4cb4c6a90deccc9e36b274d3827", size = 23438, upload-time = "2025-12-20T14:08:52.782Z" },
]

[[package]]
name = "pyright"
version = "1.1.409"
source = { registry = "https://pypi.org/simple" }
dependencies = [
    { name = "nodeenv" },
    { name = "typing-extensions" },
]
sdist = { url = "https://files.pythonhosted.org/packages/51/4e/3aa27f74211522dba7e9cbc3e74de779c6d4b654c54e50a4840623be8014/pyright-1.1.409.tar.gz", hash = "sha256:986ee05beca9e077c165758ad123667c679e050059a2546aa02473930394bc93", size = 4430434, upload-time = "2026-04-23T11:02:03.799Z" }
wheels = [
    { url = "https://files.pythonhosted.org/packages/16/6b/330d8ebae582b30c2959a1ef4c3bc344ebde48c2ff0c3f113c4710735e11/pyright-1.1.409-py3-none-any.whl", hash = "sha256:aa3ea228cab90c845c7a60d28db7a844c04315356392aa09fafcee98c8c22fb3", size = 6438161, upload-time = "2026-04-23T11:02:01.309Z" },
]

[[package]]
name = "ty"
version = "0.0.34"
source = { registry = "https://pypi.org/simple" }
sdist = { url = "https://files.pythonhosted.org/packages/c4/69/e24eefe2c35c0fdbdec9b60e162727af669bb76d64d993d982eb67b24c38/ty-0.0.34.tar.gz", hash = "sha256:a6efe66b0f13c03a65e6c72ec9abfe2792e2fd063c74fa67e2c4930e29d661be", size = 5585933, upload-time = "2026-05-01T23:06:46.388Z" }
wheels = [
    { url = "https://files.pythonhosted.org/packages/83/7b/8b85003d6639ef17a97dcbb31f4511cfe78f1c81a964470db100c8c883e7/ty-0.0.34-py3-none-linux_armv6l.whl", hash = "sha256:9ecc3d14f07a95a6ceb88e07f8e62358dbd37325d3d5bd56da7217ff1fef7fb8", size = 11067094, upload-time = "2026-05-01T23:06:21.133Z" },
    { url = "https://files.pythonhosted.org/packages/d7/25/b0098f65b020b015c40567c763fc66fffbec88b2ba6f584bca1e92f05ebb/ty-0.0.34-py3-none-macosx_10_12_x86_64.whl", hash = "sha256:0dccffd8a9d02321cd2dee3249df205e26d62694e741f4eeca36b157fd8b419f", size = 10840909, upload-time = "2026-05-01T23:06:18.409Z" },
    { url = "https://files.pythonhosted.org/packages/e4/55/5e4adcf7d2a1006b844903b27cb81244a9b748d850433a46a6c21776c401/ty-0.0.34-py3-none-macosx_11_0_arm64.whl", hash = "sha256:b0ea47a2998e167ab3b21d2f4b5309a9cf33c297809f6d7e3e753252223174d0", size = 10279378, upload-time = "2026-05-01T23:06:37.962Z" },
    { url = "https://files.pythonhosted.org/packages/4d/91/f537dca0db8fe2558e8ab04d8941d687b384fcc1df5eb9023b2db75ac26c/ty-0.0.34-py3-none-manylinux_2_17_aarch64.manylinux2014_aarch64.whl", hash = "sha256:8b37da00b41a118a459ae56d8947e70651073fb33ebfbceb820e4a10b22d5023", size = 10817423, upload-time = "2026-05-01T23:06:26.247Z" },
    { url = "https://files.pythonhosted.org/packages/2c/c4/55a3ad1da2815af1009bdc1b8c90dc11a364cd314e4b48c5128ba9d38859/ty-0.0.34-py3-none-manylinux_2_17_armv7l.manylinux2014_armv7l.whl", hash = "sha256:81cbbb93c2342fe3de43e625d3a9eb149633e9f485e816ebf6395d08685355d8", size = 10851826, upload-time = "2026-05-01T23:06:24.198Z" },
    { url = "https://files.pythonhosted.org/packages/ce/8c/9c7606af22d73fb43ea4369472d9c66ece11231be73b0efe8e3c61655559/ty-0.0.34-py3-none-manylinux_2_17_i686.manylinux2014_i686.whl", hash = "sha256:4c5b4dea1594a021289e172582df9cde7089dce14b276fc650e7b212b1772e12", size = 11356318, upload-time = "2026-05-01T23:06:51.139Z" },
    { url = "https://files.pythonhosted.org/packages/20/54/bb423f663721ab4138b216425c6b55eaefd3a068243b24d6d8fe988f4e13/ty-0.0.34-py3-none-manylinux_2_17_ppc64le.manylinux2014_ppc64le.whl", hash = "sha256:030fb00aa2d2a5b5ae9d9183d574e0c82dae80566700a7490c43669d8ece40cd", size = 11902968, upload-time = "2026-05-01T23:06:35.82Z" },
    { url = "https://files.pythonhosted.org/packages/b6/22/01122b21ab6b534a2f618c6bbe5f1f7f49fd56f4b2ec8887cd6d40d08fb3/ty-0.0.34-py3-none-manylinux_2_17_s390x.manylinux2014_s390x.whl", hash = "sha256:5ae9555e24e36c63a8218e037a5a63f15579eb6aa94f41017e57cd41d335cfb5", size = 11548860, upload-time = "2026-05-01T23:06:42.155Z" },
    { url = "https://files.pythonhosted.org/packages/d1/50/86008b1392ec64bed1957bbcc7aaa43b466b50dfc91bb131841c21d7c5c3/ty-0.0.34-py3-none-manylinux_2_17_x86_64.manylinux2014_x86_64.whl", hash = "sha256:99eb23df9ed129fc26d1ab00d6f0b8dfe5253b09c2ac6abdb11523fa70d67f10", size = 11457097, upload-time = "2026-05-01T23:06:53.477Z" },
    { url = "https://files.pythonhosted.org/packages/92/3e/4558b2296963ba99c58d8409c57d7db4f3061b656c3613cb21c02c1ef4c2/ty-0.0.34-py3-none-musllinux_1_2_aarch64.whl", hash = "sha256:85de45382016eceae69e104815eb2cfa200787df104002e262a86cbd43ed2c02", size = 10798192, upload-time = "2026-05-01T23:06:40.004Z" },
    { url = "https://files.pythonhosted.org/packages/76/bf/650d24402be2ef678528d60caac1d9477a40fc37e3792ecef07834fd7a4a/ty-0.0.34-py3-none-musllinux_1_2_armv7l.whl", hash = "sha256:14cb575fb8fa5131f5129d100cfe23c1575d23faf5dfc5158432749a3e38c9b5", size = 10890390, upload-time = "2026-05-01T23:06:33.076Z" },
    { url = "https://files.pythonhosted.org/packages/5c/ef/ccd2ca13906079f7935fd7e067661b24233017f57d987d51d6a121d85bb5/ty-0.0.34-py3-none-musllinux_1_2_i686.whl", hash = "sha256:c6fc0b69d8450e6910ba9db34572b959b81329a97ae273c391f70e9fb6c1aade", size = 11031564, upload-time = "2026-05-01T23:06:55.812Z" },
    { url = "https://files.pythonhosted.org/packages/ba/2d/d27b72005b6f43599e3bcabab0d7135ac0c230b7a307bb99f9eea02c1cda/ty-0.0.34-py3-none-musllinux_1_2_x86_64.whl", hash = "sha256:30dfcec2f0fde3993f4f912ed0e057dcbebc8615299f610a4c2ddb7b5a3e1e06", size = 11553430, upload-time = "2026-05-01T23:06:31.096Z" },
    { url = "https://files.pythonhosted.org/packages/a7/12/20812e1ad930b8d4af70eebf19ad23cff6e31efcfa613ef884531fcdbaa1/ty-0.0.34-py3-none-win32.whl", hash = "sha256:97b77ddf007271b812a313a8f0a14929bc5590958433e1fb83ef585676f53342", size = 10436048, upload-time = "2026-05-01T23:06:49.108Z" },
    { url = "https://files.pythonhosted.org/packages/b0/6a/afa095c5987868fbda27c0f731146ac8e3d07b357adfa83daccaee5b1a16/ty-0.0.34-py3-none-win_amd64.whl", hash = "sha256:1f543968accb952705134028d1fda8656882787dbbc667ad4d6c3ba23791d604", size = 11462526, upload-time = "2026-05-01T23:06:28.514Z" },
    { url = "https://files.pythonhosted.org/packages/63/8f/bf041a06260d77662c0605e56dacfe90b786bf824cbe1aed238d15fe5e84/ty-0.0.34-py3-none-win_arm64.whl", hash = "sha256:ea09108cbcb16b6b06d7596312b433bf49681e78d30e4dc7fb3c1b248a95e09a", size = 10846945, upload-time = "2026-05-01T23:06:44.428Z" },
]

[[package]]
name = "typing-extensions"
version = "4.15.0"
source = { registry = "https://pypi.org/simple" }
sdist = { url = "https://files.pythonhosted.org/packages/72/94/1a15dd82efb362ac84269196e94cf00f187f7ed21c242792a923cdb1c61f/typing_extensions-4.15.0.tar.gz", hash = "sha256:0cea48d173cc12fa28ecabc3b837ea3cf6f38c6d1136f85cbaaf598984861466", size = 109391, upload-time = "2025-08-25T13:49:26.313Z" }
wheels = [
    { url = "https://files.pythonhosted.org/packages/18/67/36e9267722cc04a6b9f15c7f3441c2363321a3ea07da7ae0c0707beb2a9c/typing_extensions-4.15.0-py3-none-any.whl", hash = "sha256:f0fa19c6845758ab08074a0cfa8b7aecb71c999ca73d62883bc25cc018c4e548", size = 44614, upload-time = "2025-08-25T13:49:24.86Z" },
]

[[package]]
name = "websocket-client"
version = "1.9.0"
source = { registry = "https://pypi.org/simple" }
sdist = { url = "https://files.pythonhosted.org/packages/2c/41/aa4bf9664e4cda14c3b39865b12251e8e7d239f4cd0e3cc1b6c2ccde25c1/websocket_client-1.9.0.tar.gz", hash = "sha256:9e813624b6eb619999a97dc7958469217c3176312b3a16a4bd1bc7e08a46ec98", size = 70576, upload-time = "2025-10-07T21:16:36.495Z" }
wheels = [
    { url = "https://files.pythonhosted.org/packages/34/db/b10e48aa8fff7407e67470363eac595018441cf32d5e1001567a7aeba5d2/websocket_client-1.9.0-py3-none-any.whl", hash = "sha256:af248a825037ef591efbf6ed20cc5faa03d3b47b9e5a2230a529eeee1c1fc3ef", size = 82616, upload-time = "2025-10-07T21:16:34.951Z" },
]
